
Microsoft Visual Studio Solution File, Format Version 12.00
# Visual Studio Version 17
VisualStudioVersion = 17.4.33213.308
MinimumVisualStudioVersion = 10.0.40219.1
Project("{FAE04EC0-301F-11D3-BF4B-00C04F79EFBC}") = "PatientWebApi", "PatientWebApi.csproj", "{8AABDCC8-4B7B-4576-AA93-AC9A870F6860}"
EndProject
Global
	GlobalSection(SolutionConfigurationPlatforms) = preSolution
		Debug|Any CPU = Debug|Any CPU
		Release|Any CPU = Release|Any CPU
	EndGlobalSection
	GlobalSection(ProjectConfigurationPlatforms) = postSolution
		{8AABDCC8-4B7B-4576-AA93-AC9A870F6860}.Debug|Any CPU.ActiveCfg = Debug|Any CPU
		{8AABDCC8-4B7B-4576-AA93-AC9A870F6860}.Debug|Any CPU.Build.0 = Debug|Any CPU
		{8AABDCC8-4B7B-4576-AA93-AC9A870F6860}.Release|Any CPU.ActiveCfg = Release|Any CPU
		{8AABDCC8-4B7B-4576-AA93-AC9A870F6860}.Release|Any CPU.Build.0 = Release|Any CPU
	EndGlobalSection
	GlobalSection(SolutionProperties) = preSolution
		HideSolutionNode = FALSE
	EndGlobalSection
	GlobalSection(ExtensibilityGlobals) = postSolution
		SolutionGuid = {64C28E9F-1570-48F2-9548-C3B7AAA461D2}
	EndGlobalSection
EndGlobal
